// !$*UTF8*$!
{
	archiveVersion = 1;
	classes = {
	};
	objectVersion = 46;
	objects = {

/* Begin PBXBuildFile section */
		12B756FBDFCABAFAB83D9D84 /* b2FrictionJoint.cpp in Sources */ = {isa = PBXBuildFile; fileRef = 8C8D5E2AF3E595181C974EFE /* b2FrictionJoint.cpp */; };
		237F3072DC1F7394E6403598 /* b2Timer.cpp in Sources */ = {isa = PBXBuildFile; fileRef = 97334B1F95FE8F3BC50A0A09 /* b2Timer.cpp */; };
		27F79C39B327F4012B6EF8BF /* b2PrismaticJoint.cpp in Sources */ = {isa = PBXBuildFile; fileRef = 6E64F2B1FE63390196555D2C /* b2PrismaticJoint.cpp */; };
		29B4B62416AF620B166A9050 /* b2EdgeAndCircleContact.cpp in Sources */ = {isa = PBXBuildFile; fileRef = 8867F8992F8136ED32278321 /* b2EdgeAndCircleContact.cpp */; };
		29D734F0DDECC8C5978185D7 /* testApp.cpp in Sources */ = {isa = PBXBuildFile; fileRef = 00A1BFCBB38848AD0E0C8539 /* testApp.cpp */; };
		2A168BADC5C151A52DF8395A /* b2TimeOfImpact.cpp in Sources */ = {isa = PBXBuildFile; fileRef = B9CD82CECBA2728752CDD120 /* b2TimeOfImpact.cpp */; };
		2BA9F5C53937708095772BFE /* ofxBox2dConvexPoly.cpp in Sources */ = {isa = PBXBuildFile; fileRef = 01B7B02BCCBDC24D44CA0232 /* ofxBox2dConvexPoly.cpp */; };
		2C7BD57DB2A4A452F00C47F7 /* ofxBox2dCircle.cpp in Sources */ = {isa = PBXBuildFile; fileRef = DE8647F89FDC5C34C9285793 /* ofxBox2dCircle.cpp */; };
		34CA69423FC74098C1CE3449 /* b2BroadPhase.cpp in Sources */ = {isa = PBXBuildFile; fileRef = 17AEF6C30A748AA40DDE796D /* b2BroadPhase.cpp */; };
		3815DAAA5AA3A979DB1BF79E /* b2RevoluteJoint.cpp in Sources */ = {isa = PBXBuildFile; fileRef = 8AF5FAC0CFF551AD52253CCD /* b2RevoluteJoint.cpp */; };
		3C9E6A1224B574A21DEA251D /* b2WheelJoint.cpp in Sources */ = {isa = PBXBuildFile; fileRef = B125DFA53D3ED89BA8B573DA /* b2WheelJoint.cpp */; };
		3E8E7A6C97F792820B51EB91 /* b2ContactSolver.cpp in Sources */ = {isa = PBXBuildFile; fileRef = 70E831C9D8723167D8E4FEF0 /* b2ContactSolver.cpp */; };
		40765B8EE5BAC46AC6AFC3FD /* b2Math.cpp in Sources */ = {isa = PBXBuildFile; fileRef = 1FE0F22BF38A6E38675A5D27 /* b2Math.cpp */; };
		40B7A01A215EF946D37BCBFE /* b2ContactManager.cpp in Sources */ = {isa = PBXBuildFile; fileRef = F80F25B70DDAD69EA9EADAEA /* b2ContactManager.cpp */; };
		44BC6BF7E1C72B1EB3C8526F /* ofxBox2d.cpp in Sources */ = {isa = PBXBuildFile; fileRef = 27BD8838CF0BAB59C9EF249B /* ofxBox2d.cpp */; };
		4909229DEEDB3FD96E98C82E /* b2EdgeShape.cpp in Sources */ = {isa = PBXBuildFile; fileRef = 1206CAB464043FFAC33F825B /* b2EdgeShape.cpp */; };
		49587479517F6955631E72B2 /* ofxBox2dRect.cpp in Sources */ = {isa = PBXBuildFile; fileRef = FF94F643AD36A672E724F388 /* ofxBox2dRect.cpp */; };
		4A896698A050377A8E95820A /* b2PulleyJoint.cpp in Sources */ = {isa = PBXBuildFile; fileRef = 96F03AF1FE198AAACE886860 /* b2PulleyJoint.cpp */; };
		4D035B8CD16200CAFAA4C3A9 /* b2Island.cpp in Sources */ = {isa = PBXBuildFile; fileRef = 2F938A6DF74D381E53FF564F /* b2Island.cpp */; };
		4FB36C7B7E629713A6E5F5F5 /* b2Fixture.cpp in Sources */ = {isa = PBXBuildFile; fileRef = E4021E83732D70DFA3D16069 /* b2Fixture.cpp */; };
		4FC5115639CA6093EF8085A9 /* b2Contact.cpp in Sources */ = {isa = PBXBuildFile; fileRef = 050011092A1AE06E6B318C78 /* b2Contact.cpp */; };
		525877C2F1A68893CBB2B1F5 /* b2CircleShape.cpp in Sources */ = {isa = PBXBuildFile; fileRef = B90498ECCEF19AA0156538D1 /* b2CircleShape.cpp */; };
		6273961DFB57BE9D7BE0A41A /* b2CollidePolygon.cpp in Sources */ = {isa = PBXBuildFile; fileRef = 0EFBEC43CB8D050D59F5865F /* b2CollidePolygon.cpp */; };
		6377EDC017E85C35C32B6E4C /* b2Settings.cpp in Sources */ = {isa = PBXBuildFile; fileRef = 611B4C366791C273A7401606 /* b2Settings.cpp */; };
		65CF130F069FA7BABCFBD7C5 /* b2DynamicTree.cpp in Sources */ = {isa = PBXBuildFile; fileRef = F19F47D3010EC747AB0F0932 /* b2DynamicTree.cpp */; };
		6DB2A9D60B5192D1491CB412 /* b2DistanceJoint.cpp in Sources */ = {isa = PBXBuildFile; fileRef = 12F4C6696E4348B7A12DC3B4 /* b2DistanceJoint.cpp */; };
		6FD4048FCDE4ECAF1A86A758 /* b2ChainAndPolygonContact.cpp in Sources */ = {isa = PBXBuildFile; fileRef = E66DFED0DF81E504986C9E3A /* b2ChainAndPolygonContact.cpp */; };
		71E4853248E4E40BF8951A59 /* b2GearJoint.cpp in Sources */ = {isa = PBXBuildFile; fileRef = BC7B0BC42752638467CD4BF8 /* b2GearJoint.cpp */; };
		7CE5380CB5873AEFCB80B162 /* ofxBox2dEdge.cpp in Sources */ = {isa = PBXBuildFile; fileRef = FEC839EC552B5AD032E6DAC2 /* ofxBox2dEdge.cpp */; };
		7DC228953AE8F300B34A5B4E /* b2MotorJoint.cpp in Sources */ = {isa = PBXBuildFile; fileRef = C47579EF2532F023A9A4AD56 /* b2MotorJoint.cpp */; };
		811D7BD88DC459B5CBCA8AF4 /* ofxBox2dBaseShape.cpp in Sources */ = {isa = PBXBuildFile; fileRef = 7C9FF43F96E2A5F9F0EC001B /* ofxBox2dBaseShape.cpp */; };
		90296DDFFFCC2ADD6C0E5EBB /* b2CollideEdge.cpp in Sources */ = {isa = PBXBuildFile; fileRef = EDDD911162A5E430A9696F64 /* b2CollideEdge.cpp */; };
		939BD50C6AABA2EC2561CB00 /* b2Distance.cpp in Sources */ = {isa = PBXBuildFile; fileRef = 0BECFDF7E114A16086460596 /* b2Distance.cpp */; };
		9546E9884847727862EA2E78 /* b2Body.cpp in Sources */ = {isa = PBXBuildFile; fileRef = D67B16954A8E1F6FFC7D6183 /* b2Body.cpp */; };
		968502953D98CA3D50A219C4 /* ofxBox2dPolygon.cpp in Sources */ = {isa = PBXBuildFile; fileRef = D13C9D44D4AC75525C882441 /* ofxBox2dPolygon.cpp */; };
		96F2E28DE1C5944A60C14428 /* b2WorldCallbacks.cpp in Sources */ = {isa = PBXBuildFile; fileRef = DDD33365F143E1362359718D /* b2WorldCallbacks.cpp */; };
		9955B51F2196D6D06E5587E1 /* b2WeldJoint.cpp in Sources */ = {isa = PBXBuildFile; fileRef = F78A398A9DB01B1306BF33BD /* b2WeldJoint.cpp */; };
		9A77C05BA9533F3E697F8221 /* b2CircleContact.cpp in Sources */ = {isa = PBXBuildFile; fileRef = EF115477B894FD50ACA788D3 /* b2CircleContact.cpp */; };
		A03EABB979D88FD9C6B00A44 /* b2StackAllocator.cpp in Sources */ = {isa = PBXBuildFile; fileRef = BB3DE627A01F7CFB7BE7283B /* b2StackAllocator.cpp */; };
		A56F0716781A9292023BD096 /* b2CollideCircle.cpp in Sources */ = {isa = PBXBuildFile; fileRef = 4936868CD5BD51C1AAFF3267 /* b2CollideCircle.cpp */; };
		A576D7531D1EEB1C11CC46D1 /* b2Joint.cpp in Sources */ = {isa = PBXBuildFile; fileRef = E83CAF102DD77467F193CBF7 /* b2Joint.cpp */; };
		A77A254A1A2913D7D99D5863 /* b2World.cpp in Sources */ = {isa = PBXBuildFile; fileRef = 543CA027B7CAACA5B03BE363 /* b2World.cpp */; };
		A7D257EA4BEB3AE8D2A59DBD /* b2Collision.cpp in Sources */ = {isa = PBXBuildFile; fileRef = 761677C0B58907309197EBB0 /* b2Collision.cpp */; };
		ACBB7FF076B81E7AAFBA3A73 /* b2ChainShape.cpp in Sources */ = {isa = PBXBuildFile; fileRef = 457D4A8971F62A6F5932C5F0 /* b2ChainShape.cpp */; };
		AF00809D4DE1932D370534D7 /* b2Draw.cpp in Sources */ = {isa = PBXBuildFile; fileRef = 82267E90B160D0E86CF3FB09 /* b2Draw.cpp */; };
		BF590958D7885CAC74D9CDE7 /* ofxBox2dJoint.cpp in Sources */ = {isa = PBXBuildFile; fileRef = A0F9F6D6D072DA709C6F292D /* ofxBox2dJoint.cpp */; };
		C4C0BFC11B896A5FC5281177 /* b2PolygonShape.cpp in Sources */ = {isa = PBXBuildFile; fileRef = 3A6A828DB43AA6F5CD3D85E6 /* b2PolygonShape.cpp */; };
		CBF10EA93B82CEFD5A6297AC /* b2EdgeAndPolygonContact.cpp in Sources */ = {isa = PBXBuildFile; fileRef = 6720FEACA4B5CC8AF544A231 /* b2EdgeAndPolygonContact.cpp */; };
		CC374107E0BF6DD15B18337A /* del_impl.cpp in Sources */ = {isa = PBXBuildFile; fileRef = 4D705B24B11E48B0E7A12B56 /* del_impl.cpp */; };
		D92D3EB6F41A1D7FB2721088 /* b2BlockAllocator.cpp in Sources */ = {isa = PBXBuildFile; fileRef = E57EC629A00E34E1E0D40C8B /* b2BlockAllocator.cpp */; };
		DC20637D6F8E5417AAE46E21 /* b2RopeJoint.cpp in Sources */ = {isa = PBXBuildFile; fileRef = B157F6FF156CB1CD59C5BB9B /* b2RopeJoint.cpp */; };
		E4328149138ABC9F0047C5CB /* openFrameworksDebug.a in Frameworks */ = {isa = PBXBuildFile; fileRef = E4328148138ABC890047C5CB /* openFrameworksDebug.a */; };
		E4B69E200A3A1BDC003C02F2 /* main.cpp in Sources */ = {isa = PBXBuildFile; fileRef = E4B69E1D0A3A1BDC003C02F2 /* main.cpp */; };
		EE38C06E5439CEF058730E47 /* b2ChainAndCircleContact.cpp in Sources */ = {isa = PBXBuildFile; fileRef = 36C63350585D2BC415854AE5 /* b2ChainAndCircleContact.cpp */; };
		EF1FE5AC03C33D796473F874 /* b2Rope.cpp in Sources */ = {isa = PBXBuildFile; fileRef = 1F3D92F2A80343EA0B0D9815 /* b2Rope.cpp */; };
		F07D5E231A15767E7CB1DE4E /* b2MouseJoint.cpp in Sources */ = {isa = PBXBuildFile; fileRef = CB500C31A9ACC728C6863C8C /* b2MouseJoint.cpp */; };
		F454A793CF69ED2B684626DA /* boids.cpp in Sources */ = {isa = PBXBuildFile; fileRef = 22C8E01A6F8898F2E424D7A9 /* boids.cpp */; };
		FB3221E62B3BAFA63E4599E2 /* b2PolygonContact.cpp in Sources */ = {isa = PBXBuildFile; fileRef = 72A3F867A091365F9ABBD965 /* b2PolygonContact.cpp */; };
		FFBBC40217EC3F9860E906E0 /* b2PolygonAndCircleContact.cpp in Sources */ = {isa = PBXBuildFile; fileRef = B8FB2D456875B2C1A5430F53 /* b2PolygonAndCircleContact.cpp */; };
/* End PBXBuildFile section */

/* Begin PBXContainerItemProxy section */
		E4328147138ABC890047C5CB /* PBXContainerItemProxy */ = {
			isa = PBXContainerItemProxy;
			containerPortal = E4328143138ABC890047C5CB /* openFrameworksLib.xcodeproj */;
			proxyType = 2;
			remoteGlobalIDString = E4B27C1510CBEB8E00536013;
			remoteInfo = openFrameworks;
		};
		E4EEB9AB138B136A00A80321 /* PBXContainerItemProxy */ = {
			isa = PBXContainerItemProxy;
			containerPortal = E4328143138ABC890047C5CB /* openFrameworksLib.xcodeproj */;
			proxyType = 1;
			remoteGlobalIDString = E4B27C1410CBEB8E00536013;
			remoteInfo = openFrameworks;
		};
/* End PBXContainerItemProxy section */

/* Begin PBXCopyFilesBuildPhase section */
		E4C2427710CC5ABF004149E2 /* CopyFiles */ = {
			isa = PBXCopyFilesBuildPhase;
			buildActionMask = 2147483647;
			dstPath = "";
			dstSubfolderSpec = 10;
			files = (
			);
			runOnlyForDeploymentPostprocessing = 0;
		};
/* End PBXCopyFilesBuildPhase section */

/* Begin PBXFileReference section */
		00A1BFCBB38848AD0E0C8539 /* testApp.cpp */ = {isa = PBXFileReference; explicitFileType = sourcecode.cpp.cpp; fileEncoding = 30; name = testApp.cpp; path = src/testApp.cpp; sourceTree = SOURCE_ROOT; };
		0167A6E310B28AF277BAB55A /* b2Rope.h */ = {isa = PBXFileReference; explicitFileType = sourcecode.c.h; fileEncoding = 30; name = b2Rope.h; path = "../../../addons/ofxBox2d-master/libs/Box2D/Rope/b2Rope.h"; sourceTree = SOURCE_ROOT; };
		01B7B02BCCBDC24D44CA0232 /* ofxBox2dConvexPoly.cpp */ = {isa = PBXFileReference; explicitFileType = sourcecode.cpp.cpp; fileEncoding = 30; name = ofxBox2dConvexPoly.cpp; path = "../../../addons/ofxBox2d-master/src/ofxBox2dConvexPoly.cpp"; sourceTree = SOURCE_ROOT; };
		050011092A1AE06E6B318C78 /* b2Contact.cpp */ = {isa = PBXFileReference; explicitFileType = sourcecode.cpp.cpp; fileEncoding = 30; name = b2Contact.cpp; path = "../../../addons/ofxBox2d-master/libs/Box2D/Dynamics/Contacts/b2Contact.cpp"; sourceTree = SOURCE_ROOT; };
		064EFEAC90395FFD38AD6EDB /* ofxBox2dEdge.h */ = {isa = PBXFileReference; explicitFileType = sourcecode.c.h; fileEncoding = 30; name = ofxBox2dEdge.h; path = "../../../addons/ofxBox2d-master/src/ofxBox2dEdge.h"; sourceTree = SOURCE_ROOT; };
		0BECFDF7E114A16086460596 /* b2Distance.cpp */ = {isa = PBXFileReference; explicitFileType = sourcecode.cpp.cpp; fileEncoding = 30; name = b2Distance.cpp; path = "../../../addons/ofxBox2d-master/libs/Box2D/Collision/b2Distance.cpp"; sourceTree = SOURCE_ROOT; };
		0DDDD19C6A604140A0015D92 /* b2CircleContact.h */ = {isa = PBXFileReference; explicitFileType = sourcecode.c.h; fileEncoding = 30; name = b2CircleContact.h; path = "../../../addons/ofxBox2d-master/libs/Box2D/Dynamics/Contacts/b2CircleContact.h"; sourceTree = SOURCE_ROOT; };
		0EFBEC43CB8D050D59F5865F /* b2CollidePolygon.cpp */ = {isa = PBXFileReference; explicitFileType = sourcecode.cpp.cpp; fileEncoding = 30; name = b2CollidePolygon.cpp; path = "../../../addons/ofxBox2d-master/libs/Box2D/Collision/b2CollidePolygon.cpp"; sourceTree = SOURCE_ROOT; };
		10142D780F1020B7B4AF1259 /* ofxBox2dBaseShape.h */ = {isa = PBXFileReference; explicitFileType = sourcecode.c.h; fileEncoding = 30; name = ofxBox2dBaseShape.h; path = "../../../addons/ofxBox2d-master/src/ofxBox2dBaseShape.h"; sourceTree = SOURCE_ROOT; };
		11399790963D3F72DBF25992 /* b2Contact.h */ = {isa = PBXFileReference; explicitFileType = sourcecode.c.h; fileEncoding = 30; name = b2Contact.h; path = "../../../addons/ofxBox2d-master/libs/Box2D/Dynamics/Contacts/b2Contact.h"; sourceTree = SOURCE_ROOT; };
		1206CAB464043FFAC33F825B /* b2EdgeShape.cpp */ = {isa = PBXFileReference; explicitFileType = sourcecode.cpp.cpp; fileEncoding = 30; name = b2EdgeShape.cpp; path = "../../../addons/ofxBox2d-master/libs/Box2D/Collision/Shapes/b2EdgeShape.cpp"; sourceTree = SOURCE_ROOT; };
		12F4C6696E4348B7A12DC3B4 /* b2DistanceJoint.cpp */ = {isa = PBXFileReference; explicitFileType = sourcecode.cpp.cpp; fileEncoding = 30; name = b2DistanceJoint.cpp; path = "../../../addons/ofxBox2d-master/libs/Box2D/Dynamics/Joints/b2DistanceJoint.cpp"; sourceTree = SOURCE_ROOT; };
		13426770515C4EA4DA88AD1C /* b2PulleyJoint.h */ = {isa = PBXFileReference; explicitFileType = sourcecode.c.h; fileEncoding = 30; name = b2PulleyJoint.h; path = "../../../addons/ofxBox2d-master/libs/Box2D/Dynamics/Joints/b2PulleyJoint.h"; sourceTree = SOURCE_ROOT; };
		13AFE8840E3DE9C0E3398DD5 /* b2GrowableStack.h */ = {isa = PBXFileReference; explicitFileType = sourcecode.c.h; fileEncoding = 30; name = b2GrowableStack.h; path = "../../../addons/ofxBox2d-master/libs/Box2D/Common/b2GrowableStack.h"; sourceTree = SOURCE_ROOT; };
		17AEF6C30A748AA40DDE796D /* b2BroadPhase.cpp */ = {isa = PBXFileReference; explicitFileType = sourcecode.cpp.cpp; fileEncoding = 30; name = b2BroadPhase.cpp; path = "../../../addons/ofxBox2d-master/libs/Box2D/Collision/b2BroadPhase.cpp"; sourceTree = SOURCE_ROOT; };
		198F0A43B24A68F7271D3405 /* b2ChainAndCircleContact.h */ = {isa = PBXFileReference; explicitFileType = sourcecode.c.h; fileEncoding = 30; name = b2ChainAndCircleContact.h; path = "../../../addons/ofxBox2d-master/libs/Box2D/Dynamics/Contacts/b2ChainAndCircleContact.h"; sourceTree = SOURCE_ROOT; };
		1F3D92F2A80343EA0B0D9815 /* b2Rope.cpp */ = {isa = PBXFileReference; explicitFileType = sourcecode.cpp.cpp; fileEncoding = 30; name = b2Rope.cpp; path = "../../../addons/ofxBox2d-master/libs/Box2D/Rope/b2Rope.cpp"; sourceTree = SOURCE_ROOT; };
		1FE0F22BF38A6E38675A5D27 /* b2Math.cpp */ = {isa = PBXFileReference; explicitFileType = sourcecode.cpp.cpp; fileEncoding = 30; name = b2Math.cpp; path = "../../../addons/ofxBox2d-master/libs/Box2D/Common/b2Math.cpp"; sourceTree = SOURCE_ROOT; };
		22C8E01A6F8898F2E424D7A9 /* boids.cpp */ = {isa = PBXFileReference; explicitFileType = sourcecode.cpp.cpp; fileEncoding = 30; name = boids.cpp; path = src/boids.cpp; sourceTree = SOURCE_ROOT; };
		244205B448A25A19884C392A /* b2DistanceJoint.h */ = {isa = PBXFileReference; explicitFileType = sourcecode.c.h; fileEncoding = 30; name = b2DistanceJoint.h; path = "../../../addons/ofxBox2d-master/libs/Box2D/Dynamics/Joints/b2DistanceJoint.h"; sourceTree = SOURCE_ROOT; };
		2659DD1AA530D795B91DEC50 /* b2ContactManager.h */ = {isa = PBXFileReference; explicitFileType = sourcecode.c.h; fileEncoding = 30; name = b2ContactManager.h; path = "../../../addons/ofxBox2d-master/libs/Box2D/Dynamics/b2ContactManager.h"; sourceTree = SOURCE_ROOT; };
		27BD8838CF0BAB59C9EF249B /* ofxBox2d.cpp */ = {isa = PBXFileReference; explicitFileType = sourcecode.cpp.cpp; fileEncoding = 30; name = ofxBox2d.cpp; path = "../../../addons/ofxBox2d-master/src/ofxBox2d.cpp"; sourceTree = SOURCE_ROOT; };
		27DFD9BDF1D269D9DAECE9C5 /* ofxBox2dConvexPoly.h */ = {isa = PBXFileReference; explicitFileType = sourcecode.c.h; fileEncoding = 30; name = ofxBox2dConvexPoly.h; path = "../../../addons/ofxBox2d-master/src/ofxBox2dConvexPoly.h"; sourceTree = SOURCE_ROOT; };
		2827AE1F7C438BDFCF1D1E85 /* del_interface.hpp */ = {isa = PBXFileReference; explicitFileType = sourcecode.c.h; fileEncoding = 30; name = del_interface.hpp; path = "../../../addons/ofxBox2d-master/libs/triangle/del_interface.hpp"; sourceTree = SOURCE_ROOT; };
		2D129AB0F7D46B8DFCEADEDB /* testApp.h */ = {isa = PBXFileReference; explicitFileType = sourcecode.c.h; fileEncoding = 30; name = testApp.h; path = src/testApp.h; sourceTree = SOURCE_ROOT; };
		2D9C5E933124EF15B8FFD9BF /* dpoint.hpp */ = {isa = PBXFileReference; explicitFileType = sourcecode.c.h; fileEncoding = 30; name = dpoint.hpp; path = "../../../addons/ofxBox2d-master/libs/triangle/dpoint.hpp"; sourceTree = SOURCE_ROOT; };
		2F938A6DF74D381E53FF564F /* b2Island.cpp */ = {isa = PBXFileReference; explicitFileType = sourcecode.cpp.cpp; fileEncoding = 30; name = b2Island.cpp; path = "../../../addons/ofxBox2d-master/libs/Box2D/Dynamics/b2Island.cpp"; sourceTree = SOURCE_ROOT; };
		3466F269760CD2588299798C /* b2Draw.h */ = {isa = PBXFileReference; explicitFileType = sourcecode.c.h; fileEncoding = 30; name = b2Draw.h; path = "../../../addons/ofxBox2d-master/libs/Box2D/Common/b2Draw.h"; sourceTree = SOURCE_ROOT; };
		36C63350585D2BC415854AE5 /* b2ChainAndCircleContact.cpp */ = {isa = PBXFileReference; explicitFileType = sourcecode.cpp.cpp; fileEncoding = 30; name = b2ChainAndCircleContact.cpp; path = "../../../addons/ofxBox2d-master/libs/Box2D/Dynamics/Contacts/b2ChainAndCircleContact.cpp"; sourceTree = SOURCE_ROOT; };
		3728C2661AE3FF2A2A755667 /* Box2D.h */ = {isa = PBXFileReference; explicitFileType = sourcecode.c.h; fileEncoding = 30; name = Box2D.h; path = "../../../addons/ofxBox2d-master/libs/Box2D/Box2D.h"; sourceTree = SOURCE_ROOT; };
		383ED023687E8ADDC6366580 /* ofxBox2d.h */ = {isa = PBXFileReference; explicitFileType = sourcecode.c.h; fileEncoding = 30; name = ofxBox2d.h; path = "../../../addons/ofxBox2d-master/src/ofxBox2d.h"; sourceTree = SOURCE_ROOT; };
		3A6A828DB43AA6F5CD3D85E6 /* b2PolygonShape.cpp */ = {isa = PBXFileReference; explicitFileType = sourcecode.cpp.cpp; fileEncoding = 30; name = b2PolygonShape.cpp; path = "../../../addons/ofxBox2d-master/libs/Box2D/Collision/Shapes/b2PolygonShape.cpp"; sourceTree = SOURCE_ROOT; };
		401A8496F9C7C7DABD613F1C /* b2EdgeAndPolygonContact.h */ = {isa = PBXFileReference; explicitFileType = sourcecode.c.h; fileEncoding = 30; name = b2EdgeAndPolygonContact.h; path = "../../../addons/ofxBox2d-master/libs/Box2D/Dynamics/Contacts/b2EdgeAndPolygonContact.h"; sourceTree = SOURCE_ROOT; };
		457D4A8971F62A6F5932C5F0 /* b2ChainShape.cpp */ = {isa = PBXFileReference; explicitFileType = sourcecode.cpp.cpp; fileEncoding = 30; name = b2ChainShape.cpp; path = "../../../addons/ofxBox2d-master/libs/Box2D/Collision/Shapes/b2ChainShape.cpp"; sourceTree = SOURCE_ROOT; };
		473C62B0F2412C57860CF8E6 /* b2MouseJoint.h */ = {isa = PBXFileReference; explicitFileType = sourcecode.c.h; fileEncoding = 30; name = b2MouseJoint.h; path = "../../../addons/ofxBox2d-master/libs/Box2D/Dynamics/Joints/b2MouseJoint.h"; sourceTree = SOURCE_ROOT; };
		48A50D283079AB155321C199 /* b2PolygonAndCircleContact.h */ = {isa = PBXFileReference; explicitFileType = sourcecode.c.h; fileEncoding = 30; name = b2PolygonAndCircleContact.h; path = "../../../addons/ofxBox2d-master/libs/Box2D/Dynamics/Contacts/b2PolygonAndCircleContact.h"; sourceTree = SOURCE_ROOT; };
		4936868CD5BD51C1AAFF3267 /* b2CollideCircle.cpp */ = {isa = PBXFileReference; explicitFileType = sourcecode.cpp.cpp; fileEncoding = 30; name = b2CollideCircle.cpp; path = "../../../addons/ofxBox2d-master/libs/Box2D/Collision/b2CollideCircle.cpp"; sourceTree = SOURCE_ROOT; };
		4D705B24B11E48B0E7A12B56 /* del_impl.cpp */ = {isa = PBXFileReference; explicitFileType = sourcecode.cpp.cpp; fileEncoding = 30; name = del_impl.cpp; path = "../../../addons/ofxBox2d-master/libs/triangle/del_impl.cpp"; sourceTree = SOURCE_ROOT; };
		505A0A5818CB769B56AE2FEA /* triangle.h */ = {isa = PBXFileReference; explicitFileType = sourcecode.c.h; fileEncoding = 30; name = triangle.h; path = "../../../addons/ofxBox2d-master/libs/triangle/triangle.h"; sourceTree = SOURCE_ROOT; };
		51415F4F2478A2453B6BEF46 /* b2Collision.h */ = {isa = PBXFileReference; explicitFileType = sourcecode.c.h; fileEncoding = 30; name = b2Collision.h; path = "../../../addons/ofxBox2d-master/libs/Box2D/Collision/b2Collision.h"; sourceTree = SOURCE_ROOT; };
		543CA027B7CAACA5B03BE363 /* b2World.cpp */ = {isa = PBXFileReference; explicitFileType = sourcecode.cpp.cpp; fileEncoding = 30; name = b2World.cpp; path = "../../../addons/ofxBox2d-master/libs/Box2D/Dynamics/b2World.cpp"; sourceTree = SOURCE_ROOT; };
		5C06CEF1ECCEBB0BE1D23871 /* b2Timer.h */ = {isa = PBXFileReference; explicitFileType = sourcecode.c.h; fileEncoding = 30; name = b2Timer.h; path = "../../../addons/ofxBox2d-master/libs/Box2D/Common/b2Timer.h"; sourceTree = SOURCE_ROOT; };
		5C34A13BAD8BB4A3AEAFBFF3 /* b2WorldCallbacks.h */ = {isa = PBXFileReference; explicitFileType = sourcecode.c.h; fileEncoding = 30; name = b2WorldCallbacks.h; path = "../../../addons/ofxBox2d-master/libs/Box2D/Dynamics/b2WorldCallbacks.h"; sourceTree = SOURCE_ROOT; };
		5D42B95DF6A8366737949E6D /* b2World.h */ = {isa = PBXFileReference; explicitFileType = sourcecode.c.h; fileEncoding = 30; name = b2World.h; path = "../../../addons/ofxBox2d-master/libs/Box2D/Dynamics/b2World.h"; sourceTree = SOURCE_ROOT; };
		5F422F206983EEE5F131C419 /* b2BlockAllocator.h */ = {isa = PBXFileReference; explicitFileType = sourcecode.c.h; fileEncoding = 30; name = b2BlockAllocator.h; path = "../../../addons/ofxBox2d-master/libs/Box2D/Common/b2BlockAllocator.h"; sourceTree = SOURCE_ROOT; };
		611B4C366791C273A7401606 /* b2Settings.cpp */ = {isa = PBXFileReference; explicitFileType = sourcecode.cpp.cpp; fileEncoding = 30; name = b2Settings.cpp; path = "../../../addons/ofxBox2d-master/libs/Box2D/Common/b2Settings.cpp"; sourceTree = SOURCE_ROOT; };
		6389CC33E34807DE2F7A9F13 /* b2Math.h */ = {isa = PBXFileReference; explicitFileType = sourcecode.c.h; fileEncoding = 30; name = b2Math.h; path = "../../../addons/ofxBox2d-master/libs/Box2D/Common/b2Math.h"; sourceTree = SOURCE_ROOT; };
		65152304A9CF8B97B21699DC /* b2Settings.h */ = {isa = PBXFileReference; explicitFileType = sourcecode.c.h; fileEncoding = 30; name = b2Settings.h; path = "../../../addons/ofxBox2d-master/libs/Box2D/Common/b2Settings.h"; sourceTree = SOURCE_ROOT; };
		6531F78526EA7765D9799366 /* b2Shape.h */ = {isa = PBXFileReference; explicitFileType = sourcecode.c.h; fileEncoding = 30; name = b2Shape.h; path = "../../../addons/ofxBox2d-master/libs/Box2D/Collision/Shapes/b2Shape.h"; sourceTree = SOURCE_ROOT; };
		6720FEACA4B5CC8AF544A231 /* b2EdgeAndPolygonContact.cpp */ = {isa = PBXFileReference; explicitFileType = sourcecode.cpp.cpp; fileEncoding = 30; name = b2EdgeAndPolygonContact.cpp; path = "../../../addons/ofxBox2d-master/libs/Box2D/Dynamics/Contacts/b2EdgeAndPolygonContact.cpp"; sourceTree = SOURCE_ROOT; };
		6A89C1CA57D12CC370B20A31 /* b2DynamicTree.h */ = {isa = PBXFileReference; explicitFileType = sourcecode.c.h; fileEncoding = 30; name = b2DynamicTree.h; path = "../../../addons/ofxBox2d-master/libs/Box2D/Collision/b2DynamicTree.h"; sourceTree = SOURCE_ROOT; };
		6E64F2B1FE63390196555D2C /* b2PrismaticJoint.cpp */ = {isa = PBXFileReference; explicitFileType = sourcecode.cpp.cpp; fileEncoding = 30; name = b2PrismaticJoint.cpp; path = "../../../addons/ofxBox2d-master/libs/Box2D/Dynamics/Joints/b2PrismaticJoint.cpp"; sourceTree = SOURCE_ROOT; };
		70E831C9D8723167D8E4FEF0 /* b2ContactSolver.cpp */ = {isa = PBXFileReference; explicitFileType = sourcecode.cpp.cpp; fileEncoding = 30; name = b2ContactSolver.cpp; path = "../../../addons/ofxBox2d-master/libs/Box2D/Dynamics/Contacts/b2ContactSolver.cpp"; sourceTree = SOURCE_ROOT; };
		72A3F867A091365F9ABBD965 /* b2PolygonContact.cpp */ = {isa = PBXFileReference; explicitFileType = sourcecode.cpp.cpp; fileEncoding = 30; name = b2PolygonContact.cpp; path = "../../../addons/ofxBox2d-master/libs/Box2D/Dynamics/Contacts/b2PolygonContact.cpp"; sourceTree = SOURCE_ROOT; };
		7480E7298CCF24CEDA48F4BB /* b2FrictionJoint.h */ = {isa = PBXFileReference; explicitFileType = sourcecode.c.h; fileEncoding = 30; name = b2FrictionJoint.h; path = "../../../addons/ofxBox2d-master/libs/Box2D/Dynamics/Joints/b2FrictionJoint.h"; sourceTree = SOURCE_ROOT; };
		761677C0B58907309197EBB0 /* b2Collision.cpp */ = {isa = PBXFileReference; explicitFileType = sourcecode.cpp.cpp; fileEncoding = 30; name = b2Collision.cpp; path = "../../../addons/ofxBox2d-master/libs/Box2D/Collision/b2Collision.cpp"; sourceTree = SOURCE_ROOT; };
		7931B6D3DE79C339AFCC3C9B /* ofxBox2dPolygonUtils.h */ = {isa = PBXFileReference; explicitFileType = sourcecode.c.h; fileEncoding = 30; name = ofxBox2dPolygonUtils.h; path = "../../../addons/ofxBox2d-master/src/ofxBox2dPolygonUtils.h"; sourceTree = SOURCE_ROOT; };
		7C9FF43F96E2A5F9F0EC001B /* ofxBox2dBaseShape.cpp */ = {isa = PBXFileReference; explicitFileType = sourcecode.cpp.cpp; fileEncoding = 30; name = ofxBox2dBaseShape.cpp; path = "../../../addons/ofxBox2d-master/src/ofxBox2dBaseShape.cpp"; sourceTree = SOURCE_ROOT; };
		7CB6B50B3343DA0D5EA83183 /* b2ContactSolver.h */ = {isa = PBXFileReference; explicitFileType = sourcecode.c.h; fileEncoding = 30; name = b2ContactSolver.h; path = "../../../addons/ofxBox2d-master/libs/Box2D/Dynamics/Contacts/b2ContactSolver.h"; sourceTree = SOURCE_ROOT; };
		803A1BF918AFAA023AFDA8BD /* b2PolygonContact.h */ = {isa = PBXFileReference; explicitFileType = sourcecode.c.h; fileEncoding = 30; name = b2PolygonContact.h; path = "../../../addons/ofxBox2d-master/libs/Box2D/Dynamics/Contacts/b2PolygonContact.h"; sourceTree = SOURCE_ROOT; };
		8179DCADBC39003D0DED631D /* b2Joint.h */ = {isa = PBXFileReference; explicitFileType = sourcecode.c.h; fileEncoding = 30; name = b2Joint.h; path = "../../../addons/ofxBox2d-master/libs/Box2D/Dynamics/Joints/b2Joint.h"; sourceTree = SOURCE_ROOT; };
		82267E90B160D0E86CF3FB09 /* b2Draw.cpp */ = {isa = PBXFileReference; explicitFileType = sourcecode.cpp.cpp; fileEncoding = 30; name = b2Draw.cpp; path = "../../../addons/ofxBox2d-master/libs/Box2D/Common/b2Draw.cpp"; sourceTree = SOURCE_ROOT; };
		8867F8992F8136ED32278321 /* b2EdgeAndCircleContact.cpp */ = {isa = PBXFileReference; explicitFileType = sourcecode.cpp.cpp; fileEncoding = 30; name = b2EdgeAndCircleContact.cpp; path = "../../../addons/ofxBox2d-master/libs/Box2D/Dynamics/Contacts/b2EdgeAndCircleContact.cpp"; sourceTree = SOURCE_ROOT; };
		8AF5FAC0CFF551AD52253CCD /* b2RevoluteJoint.cpp */ = {isa = PBXFileReference; explicitFileType = sourcecode.cpp.cpp; fileEncoding = 30; name = b2RevoluteJoint.cpp; path = "../../../addons/ofxBox2d-master/libs/Box2D/Dynamics/Joints/b2RevoluteJoint.cpp"; sourceTree = SOURCE_ROOT; };
		8B087E3B5E0DD21FD83838F9 /* ofxBox2dPolygon.h */ = {isa = PBXFileReference; explicitFileType = sourcecode.c.h; fileEncoding = 30; name = ofxBox2dPolygon.h; path = "../../../addons/ofxBox2d-master/src/ofxBox2dPolygon.h"; sourceTree = SOURCE_ROOT; };
		8C8D5E2AF3E595181C974EFE /* b2FrictionJoint.cpp */ = {isa = PBXFileReference; explicitFileType = sourcecode.cpp.cpp; fileEncoding = 30; name = b2FrictionJoint.cpp; path = "../../../addons/ofxBox2d-master/libs/Box2D/Dynamics/Joints/b2FrictionJoint.cpp"; sourceTree = SOURCE_ROOT; };
		8D2A9138B40A7D318461D6E2 /* b2ChainShape.h */ = {isa = PBXFileReference; explicitFileType = sourcecode.c.h; fileEncoding = 30; name = b2ChainShape.h; path = "../../../addons/ofxBox2d-master/libs/Box2D/Collision/Shapes/b2ChainShape.h"; sourceTree = SOURCE_ROOT; };
		96F03AF1FE198AAACE886860 /* b2PulleyJoint.cpp */ = {isa = PBXFileReference; explicitFileType = sourcecode.cpp.cpp; fileEncoding = 30; name = b2PulleyJoint.cpp; path = "../../../addons/ofxBox2d-master/libs/Box2D/Dynamics/Joints/b2PulleyJoint.cpp"; sourceTree = SOURCE_ROOT; };
		97334B1F95FE8F3BC50A0A09 /* b2Timer.cpp */ = {isa = PBXFileReference; explicitFileType = sourcecode.cpp.cpp; fileEncoding = 30; name = b2Timer.cpp; path = "../../../addons/ofxBox2d-master/libs/Box2D/Common/b2Timer.cpp"; sourceTree = SOURCE_ROOT; };
		9B5823B3DBC33662C6389FA4 /* b2RopeJoint.h */ = {isa = PBXFileReference; explicitFileType = sourcecode.c.h; fileEncoding = 30; name = b2RopeJoint.h; path = "../../../addons/ofxBox2d-master/libs/Box2D/Dynamics/Joints/b2RopeJoint.h"; sourceTree = SOURCE_ROOT; };
		9BF576DDBBDF625DE4246862 /* b2Body.h */ = {isa = PBXFileReference; explicitFileType = sourcecode.c.h; fileEncoding = 30; name = b2Body.h; path = "../../../addons/ofxBox2d-master/libs/Box2D/Dynamics/b2Body.h"; sourceTree = SOURCE_ROOT; };
		A0C9880560DE662DFD83B599 /* b2WeldJoint.h */ = {isa = PBXFileReference; explicitFileType = sourcecode.c.h; fileEncoding = 30; name = b2WeldJoint.h; path = "../../../addons/ofxBox2d-master/libs/Box2D/Dynamics/Joints/b2WeldJoint.h"; sourceTree = SOURCE_ROOT; };
		A0F9F6D6D072DA709C6F292D /* ofxBox2dJoint.cpp */ = {isa = PBXFileReference; explicitFileType = sourcecode.cpp.cpp; fileEncoding = 30; name = ofxBox2dJoint.cpp; path = "../../../addons/ofxBox2d-master/src/ofxBox2dJoint.cpp"; sourceTree = SOURCE_ROOT; };
		AAAB338008116B335A4D1965 /* ofxBox2dUtils.h */ = {isa = PBXFileReference; explicitFileType = sourcecode.c.h; fileEncoding = 30; name = ofxBox2dUtils.h; path = "../../../addons/ofxBox2d-master/src/ofxBox2dUtils.h"; sourceTree = SOURCE_ROOT; };
		AC240A62C288628CDC8889B6 /* b2TimeStep.h */ = {isa = PBXFileReference; explicitFileType = sourcecode.c.h; fileEncoding = 30; name = b2TimeStep.h; path = "../../../addons/ofxBox2d-master/libs/Box2D/Dynamics/b2TimeStep.h"; sourceTree = SOURCE_ROOT; };
		ACFAF429243CF7EF5291322F /* b2MotorJoint.h */ = {isa = PBXFileReference; explicitFileType = sourcecode.c.h; fileEncoding = 30; name = b2MotorJoint.h; path = "../../../addons/ofxBox2d-master/libs/Box2D/Dynamics/Joints/b2MotorJoint.h"; sourceTree = SOURCE_ROOT; };
		B125DFA53D3ED89BA8B573DA /* b2WheelJoint.cpp */ = {isa = PBXFileReference; explicitFileType = sourcecode.cpp.cpp; fileEncoding = 30; name = b2WheelJoint.cpp; path = "../../../addons/ofxBox2d-master/libs/Box2D/Dynamics/Joints/b2WheelJoint.cpp"; sourceTree = SOURCE_ROOT; };
		B157F6FF156CB1CD59C5BB9B /* b2RopeJoint.cpp */ = {isa = PBXFileReference; explicitFileType = sourcecode.cpp.cpp; fileEncoding = 30; name = b2RopeJoint.cpp; path = "../../../addons/ofxBox2d-master/libs/Box2D/Dynamics/Joints/b2RopeJoint.cpp"; sourceTree = SOURCE_ROOT; };
		B342EE96075FD198DD198EFA /* ofxBox2dRender.h */ = {isa = PBXFileReference; explicitFileType = sourcecode.c.h; fileEncoding = 30; name = ofxBox2dRender.h; path = "../../../addons/ofxBox2d-master/src/ofxBox2dRender.h"; sourceTree = SOURCE_ROOT; };
		B351AE23A57232E070A1C317 /* b2PolygonShape.h */ = {isa = PBXFileReference; explicitFileType = sourcecode.c.h; fileEncoding = 30; name = b2PolygonShape.h; path = "../../../addons/ofxBox2d-master/libs/Box2D/Collision/Shapes/b2PolygonShape.h"; sourceTree = SOURCE_ROOT; };
		B38AF0AFCB7C88BD20C62AA1 /* b2Fixture.h */ = {isa = PBXFileReference; explicitFileType = sourcecode.c.h; fileEncoding = 30; name = b2Fixture.h; path = "../../../addons/ofxBox2d-master/libs/Box2D/Dynamics/b2Fixture.h"; sourceTree = SOURCE_ROOT; };
		B8FB2D456875B2C1A5430F53 /* b2PolygonAndCircleContact.cpp */ = {isa = PBXFileReference; explicitFileType = sourcecode.cpp.cpp; fileEncoding = 30; name = b2PolygonAndCircleContact.cpp; path = "../../../addons/ofxBox2d-master/libs/Box2D/Dynamics/Contacts/b2PolygonAndCircleContact.cpp"; sourceTree = SOURCE_ROOT; };
		B90498ECCEF19AA0156538D1 /* b2CircleShape.cpp */ = {isa = PBXFileReference; explicitFileType = sourcecode.cpp.cpp; fileEncoding = 30; name = b2CircleShape.cpp; path = "../../../addons/ofxBox2d-master/libs/Box2D/Collision/Shapes/b2CircleShape.cpp"; sourceTree = SOURCE_ROOT; };
		B9CD82CECBA2728752CDD120 /* b2TimeOfImpact.cpp */ = {isa = PBXFileReference; explicitFileType = sourcecode.cpp.cpp; fileEncoding = 30; name = b2TimeOfImpact.cpp; path = "../../../addons/ofxBox2d-master/libs/Box2D/Collision/b2TimeOfImpact.cpp"; sourceTree = SOURCE_ROOT; };
		BB3DE627A01F7CFB7BE7283B /* b2StackAllocator.cpp */ = {isa = PBXFileReference; explicitFileType = sourcecode.cpp.cpp; fileEncoding = 30; name = b2StackAllocator.cpp; path = "../../../addons/ofxBox2d-master/libs/Box2D/Common/b2StackAllocator.cpp"; sourceTree = SOURCE_ROOT; };
		BC7B0BC42752638467CD4BF8 /* b2GearJoint.cpp */ = {isa = PBXFileReference; explicitFileType = sourcecode.cpp.cpp; fileEncoding = 30; name = b2GearJoint.cpp; path = "../../../addons/ofxBox2d-master/libs/Box2D/Dynamics/Joints/b2GearJoint.cpp"; sourceTree = SOURCE_ROOT; };
		C076784E0984B5CEA3A62668 /* b2EdgeShape.h */ = {isa = PBXFileReference; explicitFileType = sourcecode.c.h; fileEncoding = 30; name = b2EdgeShape.h; path = "../../../addons/ofxBox2d-master/libs/Box2D/Collision/Shapes/b2EdgeShape.h"; sourceTree = SOURCE_ROOT; };
		C47579EF2532F023A9A4AD56 /* b2MotorJoint.cpp */ = {isa = PBXFileReference; explicitFileType = sourcecode.cpp.cpp; fileEncoding = 30; name = b2MotorJoint.cpp; path = "../../../addons/ofxBox2d-master/libs/Box2D/Dynamics/Joints/b2MotorJoint.cpp"; sourceTree = SOURCE_ROOT; };
		C6D0875CD6E52E73DAE7AA30 /* b2WheelJoint.h */ = {isa = PBXFileReference; explicitFileType = sourcecode.c.h; fileEncoding = 30; name = b2WheelJoint.h; path = "../../../addons/ofxBox2d-master/libs/Box2D/Dynamics/Joints/b2WheelJoint.h"; sourceTree = SOURCE_ROOT; };
		CB500C31A9ACC728C6863C8C /* b2MouseJoint.cpp */ = {isa = PBXFileReference; explicitFileType = sourcecode.cpp.cpp; fileEncoding = 30; name = b2MouseJoint.cpp; path = "../../../addons/ofxBox2d-master/libs/Box2D/Dynamics/Joints/b2MouseJoint.cpp"; sourceTree = SOURCE_ROOT; };
		D13C9D44D4AC75525C882441 /* ofxBox2dPolygon.cpp */ = {isa = PBXFileReference; explicitFileType = sourcecode.cpp.cpp; fileEncoding = 30; name = ofxBox2dPolygon.cpp; path = "../../../addons/ofxBox2d-master/src/ofxBox2dPolygon.cpp"; sourceTree = SOURCE_ROOT; };
		D4DF52EAFF02C5CF464DBF47 /* b2ChainAndPolygonContact.h */ = {isa = PBXFileReference; explicitFileType = sourcecode.c.h; fileEncoding = 30; name = b2ChainAndPolygonContact.h; path = "../../../addons/ofxBox2d-master/libs/Box2D/Dynamics/Contacts/b2ChainAndPolygonContact.h"; sourceTree = SOURCE_ROOT; };
		D67B16954A8E1F6FFC7D6183 /* b2Body.cpp */ = {isa = PBXFileReference; explicitFileType = sourcecode.cpp.cpp; fileEncoding = 30; name = b2Body.cpp; path = "../../../addons/ofxBox2d-master/libs/Box2D/Dynamics/b2Body.cpp"; sourceTree = SOURCE_ROOT; };
		D6F0D26D132051132D32C2B3 /* b2CircleShape.h */ = {isa = PBXFileReference; explicitFileType = sourcecode.c.h; fileEncoding = 30; name = b2CircleShape.h; path = "../../../addons/ofxBox2d-master/libs/Box2D/Collision/Shapes/b2CircleShape.h"; sourceTree = SOURCE_ROOT; };
		D7991F15D5A2DCA2ADD14C5C /* b2GearJoint.h */ = {isa = PBXFileReference; explicitFileType = sourcecode.c.h; fileEncoding = 30; name = b2GearJoint.h; path = "../../../addons/ofxBox2d-master/libs/Box2D/Dynamics/Joints/b2GearJoint.h"; sourceTree = SOURCE_ROOT; };
		D854BD4E4F453FA052E81051 /* b2PrismaticJoint.h */ = {isa = PBXFileReference; explicitFileType = sourcecode.c.h; fileEncoding = 30; name = b2PrismaticJoint.h; path = "../../../addons/ofxBox2d-master/libs/Box2D/Dynamics/Joints/b2PrismaticJoint.h"; sourceTree = SOURCE_ROOT; };
		DAF214956394307F03F996BD /* triangle_impl.hpp */ = {isa = PBXFileReference; explicitFileType = sourcecode.c.h; fileEncoding = 30; name = triangle_impl.hpp; path = "../../../addons/ofxBox2d-master/libs/triangle/triangle_impl.hpp"; sourceTree = SOURCE_ROOT; };
		DC36108C198D24F0D500C7E5 /* b2Distance.h */ = {isa = PBXFileReference; explicitFileType = sourcecode.c.h; fileEncoding = 30; name = b2Distance.h; path = "../../../addons/ofxBox2d-master/libs/Box2D/Collision/b2Distance.h"; sourceTree = SOURCE_ROOT; };
		DC8729C7769983C80B0618A8 /* assert.hpp */ = {isa = PBXFileReference; explicitFileType = sourcecode.c.h; fileEncoding = 30; name = assert.hpp; path = "../../../addons/ofxBox2d-master/libs/triangle/assert.hpp"; sourceTree = SOURCE_ROOT; };
		DDD33365F143E1362359718D /* b2WorldCallbacks.cpp */ = {isa = PBXFileReference; explicitFileType = sourcecode.cpp.cpp; fileEncoding = 30; name = b2WorldCallbacks.cpp; path = "../../../addons/ofxBox2d-master/libs/Box2D/Dynamics/b2WorldCallbacks.cpp"; sourceTree = SOURCE_ROOT; };
		DE8647F89FDC5C34C9285793 /* ofxBox2dCircle.cpp */ = {isa = PBXFileReference; explicitFileType = sourcecode.cpp.cpp; fileEncoding = 30; name = ofxBox2dCircle.cpp; path = "../../../addons/ofxBox2d-master/src/ofxBox2dCircle.cpp"; sourceTree = SOURCE_ROOT; };
		E3220F23908A1775B6001453 /* ofxBox2dCircle.h */ = {isa = PBXFileReference; explicitFileType = sourcecode.c.h; fileEncoding = 30; name = ofxBox2dCircle.h; path = "../../../addons/ofxBox2d-master/src/ofxBox2dCircle.h"; sourceTree = SOURCE_ROOT; };
		E4021E83732D70DFA3D16069 /* b2Fixture.cpp */ = {isa = PBXFileReference; explicitFileType = sourcecode.cpp.cpp; fileEncoding = 30; name = b2Fixture.cpp; path = "../../../addons/ofxBox2d-master/libs/Box2D/Dynamics/b2Fixture.cpp"; sourceTree = SOURCE_ROOT; };
		E4328143138ABC890047C5CB /* openFrameworksLib.xcodeproj */ = {isa = PBXFileReference; lastKnownFileType = "wrapper.pb-project"; name = openFrameworksLib.xcodeproj; path = ../../../libs/openFrameworksCompiled/project/osx/openFrameworksLib.xcodeproj; sourceTree = SOURCE_ROOT; };
		E473C8F132153FBE47DD45F9 /* b2RevoluteJoint.h */ = {isa = PBXFileReference; explicitFileType = sourcecode.c.h; fileEncoding = 30; name = b2RevoluteJoint.h; path = "../../../addons/ofxBox2d-master/libs/Box2D/Dynamics/Joints/b2RevoluteJoint.h"; sourceTree = SOURCE_ROOT; };
		E4B69B5B0A3A1756003C02F2 /* Midterm_BehaviorDebug.app */ = {isa = PBXFileReference; explicitFileType = wrapper.application; includeInIndex = 0; path = Midterm_BehaviorDebug.app; sourceTree = BUILT_PRODUCTS_DIR; };
		E4B69E1D0A3A1BDC003C02F2 /* main.cpp */ = {isa = PBXFileReference; fileEncoding = 30; lastKnownFileType = sourcecode.cpp.cpp; name = main.cpp; path = src/main.cpp; sourceTree = SOURCE_ROOT; };
		E4B6FCAD0C3E899E008CF71C /* openFrameworks-Info.plist */ = {isa = PBXFileReference; fileEncoding = 30; lastKnownFileType = text.plist.xml; path = "openFrameworks-Info.plist"; sourceTree = "<group>"; };
		E4EB691F138AFCF100A09F29 /* CoreOF.xcconfig */ = {isa = PBXFileReference; fileEncoding = 4; lastKnownFileType = text.xcconfig; name = CoreOF.xcconfig; path = ../../../libs/openFrameworksCompiled/project/osx/CoreOF.xcconfig; sourceTree = SOURCE_ROOT; };
		E4EB6923138AFD0F00A09F29 /* Project.xcconfig */ = {isa = PBXFileReference; fileEncoding = 4; lastKnownFileType = text.xcconfig; path = Project.xcconfig; sourceTree = "<group>"; };
		E57EC629A00E34E1E0D40C8B /* b2BlockAllocator.cpp */ = {isa = PBXFileReference; explicitFileType = sourcecode.cpp.cpp; fileEncoding = 30; name = b2BlockAllocator.cpp; path = "../../../addons/ofxBox2d-master/libs/Box2D/Common/b2BlockAllocator.cpp"; sourceTree = SOURCE_ROOT; };
		E66DFED0DF81E504986C9E3A /* b2ChainAndPolygonContact.cpp */ = {isa = PBXFileReference; explicitFileType = sourcecode.cpp.cpp; fileEncoding = 30; name = b2ChainAndPolygonContact.cpp; path = "../../../addons/ofxBox2d-master/libs/Box2D/Dynamics/Contacts/b2ChainAndPolygonContact.cpp"; sourceTree = SOURCE_ROOT; };
		E83CAF102DD77467F193CBF7 /* b2Joint.cpp */ = {isa = PBXFileReference; explicitFileType = sourcecode.cpp.cpp; fileEncoding = 30; name = b2Joint.cpp; path = "../../../addons/ofxBox2d-master/libs/Box2D/Dynamics/Joints/b2Joint.cpp"; sourceTree = SOURCE_ROOT; };
		EC634E94844282D5EC2B9094 /* b2StackAllocator.h */ = {isa = PBXFileReference; explicitFileType = sourcecode.c.h; fileEncoding = 30; name = b2StackAllocator.h; path = "../../../addons/ofxBox2d-master/libs/Box2D/Common/b2StackAllocator.h"; sourceTree = SOURCE_ROOT; };
		EDDBB63642478745CE7870A7 /* ofxBox2dRect.h */ = {isa = PBXFileReference; explicitFileType = sourcecode.c.h; fileEncoding = 30; name = ofxBox2dRect.h; path = "../../../addons/ofxBox2d-master/src/ofxBox2dRect.h"; sourceTree = SOURCE_ROOT; };
		EDDD911162A5E430A9696F64 /* b2CollideEdge.cpp */ = {isa = PBXFileReference; explicitFileType = sourcecode.cpp.cpp; fileEncoding = 30; name = b2CollideEdge.cpp; path = "../../../addons/ofxBox2d-master/libs/Box2D/Collision/b2CollideEdge.cpp"; sourceTree = SOURCE_ROOT; };
		EF115477B894FD50ACA788D3 /* b2CircleContact.cpp */ = {isa = PBXFileReference; explicitFileType = sourcecode.cpp.cpp; fileEncoding = 30; name = b2CircleContact.cpp; path = "../../../addons/ofxBox2d-master/libs/Box2D/Dynamics/Contacts/b2CircleContact.cpp"; sourceTree = SOURCE_ROOT; };
		F19F47D3010EC747AB0F0932 /* b2DynamicTree.cpp */ = {isa = PBXFileReference; explicitFileType = sourcecode.cpp.cpp; fileEncoding = 30; name = b2DynamicTree.cpp; path = "../../../addons/ofxBox2d-master/libs/Box2D/Collision/b2DynamicTree.cpp"; sourceTree = SOURCE_ROOT; };
		F4C17F56E8E0B26DD62FB002 /* b2BroadPhase.h */ = {isa = PBXFileReference; explicitFileType = sourcecode.c.h; fileEncoding = 30; name = b2BroadPhase.h; path = "../../../addons/ofxBox2d-master/libs/Box2D/Collision/b2BroadPhase.h"; sourceTree = SOURCE_ROOT; };
		F5014E29AACE8CE490C9EB91 /* b2EdgeAndCircleContact.h */ = {isa = PBXFileReference; explicitFileType = sourcecode.c.h; fileEncoding = 30; name = b2EdgeAndCircleContact.h; path = "../../../addons/ofxBox2d-master/libs/Box2D/Dynamics/Contacts/b2EdgeAndCircleContact.h"; sourceTree = SOURCE_ROOT; };
		F73889F209C3E7B33E72E3AD /* ofxBox2dJoint.h */ = {isa = PBXFileReference; explicitFileType = sourcecode.c.h; fileEncoding = 30; name = ofxBox2dJoint.h; path = "../../../addons/ofxBox2d-master/src/ofxBox2dJoint.h"; sourceTree = SOURCE_ROOT; };
		F754F544FFAAA55F95AD87FB /* ofxBox2dContactListener.h */ = {isa = PBXFileReference; explicitFileType = sourcecode.c.h; fileEncoding = 30; name = ofxBox2dContactListener.h; path = "../../../addons/ofxBox2d-master/src/ofxBox2dContactListener.h"; sourceTree = SOURCE_ROOT; };
		F78A398A9DB01B1306BF33BD /* b2WeldJoint.cpp */ = {isa = PBXFileReference; explicitFileType = sourcecode.cpp.cpp; fileEncoding = 30; name = b2WeldJoint.cpp; path = "../../../addons/ofxBox2d-master/libs/Box2D/Dynamics/Joints/b2WeldJoint.cpp"; sourceTree = SOURCE_ROOT; };
		F80F25B70DDAD69EA9EADAEA /* b2ContactManager.cpp */ = {isa = PBXFileReference; explicitFileType = sourcecode.cpp.cpp; fileEncoding = 30; name = b2ContactManager.cpp; path = "../../../addons/ofxBox2d-master/libs/Box2D/Dynamics/b2ContactManager.cpp"; sourceTree = SOURCE_ROOT; };
		F83D1AABC066221D37C083A1 /* b2Island.h */ = {isa = PBXFileReference; explicitFileType = sourcecode.c.h; fileEncoding = 30; name = b2Island.h; path = "../../../addons/ofxBox2d-master/libs/Box2D/Dynamics/b2Island.h"; sourceTree = SOURCE_ROOT; };
		F8994B9B894A5A7BDEE80AA6 /* boids.h */ = {isa = PBXFileReference; explicitFileType = sourcecode.c.h; fileEncoding = 30; name = boids.h; path = src/boids.h; sourceTree = SOURCE_ROOT; };
		F9694860AF3684AFE53A3FCD /* b2TimeOfImpact.h */ = {isa = PBXFileReference; explicitFileType = sourcecode.c.h; fileEncoding = 30; name = b2TimeOfImpact.h; path = "../../../addons/ofxBox2d-master/libs/Box2D/Collision/b2TimeOfImpact.h"; sourceTree = SOURCE_ROOT; };
		FEC839EC552B5AD032E6DAC2 /* ofxBox2dEdge.cpp */ = {isa = PBXFileReference; explicitFileType = sourcecode.cpp.cpp; fileEncoding = 30; name = ofxBox2dEdge.cpp; path = "../../../addons/ofxBox2d-master/src/ofxBox2dEdge.cpp"; sourceTree = SOURCE_ROOT; };
		FF94F643AD36A672E724F388 /* ofxBox2dRect.cpp */ = {isa = PBXFileReference; explicitFileType = sourcecode.cpp.cpp; fileEncoding = 30; name = ofxBox2dRect.cpp; path = "../../../addons/ofxBox2d-master/src/ofxBox2dRect.cpp"; sourceTree = SOURCE_ROOT; };
/* End PBXFileReference section */

/* Begin PBXFrameworksBuildPhase section */
		E4B69B590A3A1756003C02F2 /* Frameworks */ = {
			isa = PBXFrameworksBuildPhase;
			buildActionMask = 2147483647;
			files = (
				E4328149138ABC9F0047C5CB /* openFrameworksDebug.a in Frameworks */,
			);
			runOnlyForDeploymentPostprocessing = 0;
		};
/* End PBXFrameworksBuildPhase section */

/* Begin PBXGroup section */
		0E8FC2D53A0578CA3B4417EE /* ofxBox2d-master */ = {
			isa = PBXGroup;
			children = (
				F82A407786E323841E84F635 /* src */,
				CCFFE735688832C2BE8A5CA6 /* libs */,
			);
			name = "ofxBox2d-master";
			sourceTree = "<group>";
		};
		13E3864023CFCDA978674706 /* Dynamics */ = {
			isa = PBXGroup;
			children = (
				D67B16954A8E1F6FFC7D6183 /* b2Body.cpp */,
				9BF576DDBBDF625DE4246862 /* b2Body.h */,
				F80F25B70DDAD69EA9EADAEA /* b2ContactManager.cpp */,
				2659DD1AA530D795B91DEC50 /* b2ContactManager.h */,
				E4021E83732D70DFA3D16069 /* b2Fixture.cpp */,
				B38AF0AFCB7C88BD20C62AA1 /* b2Fixture.h */,
				2F938A6DF74D381E53FF564F /* b2Island.cpp */,
				F83D1AABC066221D37C083A1 /* b2Island.h */,
				AC240A62C288628CDC8889B6 /* b2TimeStep.h */,
				543CA027B7CAACA5B03BE363 /* b2World.cpp */,
				5D42B95DF6A8366737949E6D /* b2World.h */,
				DDD33365F143E1362359718D /* b2WorldCallbacks.cpp */,
				5C34A13BAD8BB4A3AEAFBFF3 /* b2WorldCallbacks.h */,
				7D0EF443D2C65B2E3070ECED /* Contacts */,
				2728DDF12D368316A0D7C2B7 /* Joints */,
			);
			name = Dynamics;
			sourceTree = "<group>";
		};
		2728DDF12D368316A0D7C2B7 /* Joints */ = {
			isa = PBXGroup;
			children = (
				12F4C6696E4348B7A12DC3B4 /* b2DistanceJoint.cpp */,
				244205B448A25A19884C392A /* b2DistanceJoint.h */,
				8C8D5E2AF3E595181C974EFE /* b2FrictionJoint.cpp */,
				7480E7298CCF24CEDA48F4BB /* b2FrictionJoint.h */,
				BC7B0BC42752638467CD4BF8 /* b2GearJoint.cpp */,
				D7991F15D5A2DCA2ADD14C5C /* b2GearJoint.h */,
				E83CAF102DD77467F193CBF7 /* b2Joint.cpp */,
				8179DCADBC39003D0DED631D /* b2Joint.h */,
				C47579EF2532F023A9A4AD56 /* b2MotorJoint.cpp */,
				ACFAF429243CF7EF5291322F /* b2MotorJoint.h */,
				CB500C31A9ACC728C6863C8C /* b2MouseJoint.cpp */,
				473C62B0F2412C57860CF8E6 /* b2MouseJoint.h */,
				6E64F2B1FE63390196555D2C /* b2PrismaticJoint.cpp */,
				D854BD4E4F453FA052E81051 /* b2PrismaticJoint.h */,
				96F03AF1FE198AAACE886860 /* b2PulleyJoint.cpp */,
				13426770515C4EA4DA88AD1C /* b2PulleyJoint.h */,
				8AF5FAC0CFF551AD52253CCD /* b2RevoluteJoint.cpp */,
				E473C8F132153FBE47DD45F9 /* b2RevoluteJoint.h */,
				B157F6FF156CB1CD59C5BB9B /* b2RopeJoint.cpp */,
				9B5823B3DBC33662C6389FA4 /* b2RopeJoint.h */,
				F78A398A9DB01B1306BF33BD /* b2WeldJoint.cpp */,
				A0C9880560DE662DFD83B599 /* b2WeldJoint.h */,
				B125DFA53D3ED89BA8B573DA /* b2WheelJoint.cpp */,
				C6D0875CD6E52E73DAE7AA30 /* b2WheelJoint.h */,
			);
			name = Joints;
			sourceTree = "<group>";
		};
		302CD138A5E5D490E0D391B5 /* Collision */ = {
			isa = PBXGroup;
			children = (
				17AEF6C30A748AA40DDE796D /* b2BroadPhase.cpp */,
				F4C17F56E8E0B26DD62FB002 /* b2BroadPhase.h */,
				4936868CD5BD51C1AAFF3267 /* b2CollideCircle.cpp */,
				EDDD911162A5E430A9696F64 /* b2CollideEdge.cpp */,
				0EFBEC43CB8D050D59F5865F /* b2CollidePolygon.cpp */,
				761677C0B58907309197EBB0 /* b2Collision.cpp */,
				51415F4F2478A2453B6BEF46 /* b2Collision.h */,
				0BECFDF7E114A16086460596 /* b2Distance.cpp */,
				DC36108C198D24F0D500C7E5 /* b2Distance.h */,
				F19F47D3010EC747AB0F0932 /* b2DynamicTree.cpp */,
				6A89C1CA57D12CC370B20A31 /* b2DynamicTree.h */,
				B9CD82CECBA2728752CDD120 /* b2TimeOfImpact.cpp */,
				F9694860AF3684AFE53A3FCD /* b2TimeOfImpact.h */,
				3924FF6356A2EFF3CF79C8DF /* Shapes */,
			);
			name = Collision;
			sourceTree = "<group>";
		};
		3924FF6356A2EFF3CF79C8DF /* Shapes */ = {
			isa = PBXGroup;
			children = (
				457D4A8971F62A6F5932C5F0 /* b2ChainShape.cpp */,
				8D2A9138B40A7D318461D6E2 /* b2ChainShape.h */,
				B90498ECCEF19AA0156538D1 /* b2CircleShape.cpp */,
				D6F0D26D132051132D32C2B3 /* b2CircleShape.h */,
				1206CAB464043FFAC33F825B /* b2EdgeShape.cpp */,
				C076784E0984B5CEA3A62668 /* b2EdgeShape.h */,
				3A6A828DB43AA6F5CD3D85E6 /* b2PolygonShape.cpp */,
				B351AE23A57232E070A1C317 /* b2PolygonShape.h */,
				6531F78526EA7765D9799366 /* b2Shape.h */,
			);
			name = Shapes;
			sourceTree = "<group>";
		};
		3F3A517FA45E5F072F8A8C5E /* Box2D */ = {
			isa = PBXGroup;
			children = (
				3728C2661AE3FF2A2A755667 /* Box2D.h */,
				302CD138A5E5D490E0D391B5 /* Collision */,
				5FCC12B46D45AAE5EF432E31 /* Common */,
				13E3864023CFCDA978674706 /* Dynamics */,
				D4063DF5D33BAEDEAE92A45D /* Rope */,
			);
			name = Box2D;
			sourceTree = "<group>";
		};
		5FCC12B46D45AAE5EF432E31 /* Common */ = {
			isa = PBXGroup;
			children = (
				E57EC629A00E34E1E0D40C8B /* b2BlockAllocator.cpp */,
				5F422F206983EEE5F131C419 /* b2BlockAllocator.h */,
				82267E90B160D0E86CF3FB09 /* b2Draw.cpp */,
				3466F269760CD2588299798C /* b2Draw.h */,
				13AFE8840E3DE9C0E3398DD5 /* b2GrowableStack.h */,
				1FE0F22BF38A6E38675A5D27 /* b2Math.cpp */,
				6389CC33E34807DE2F7A9F13 /* b2Math.h */,
				611B4C366791C273A7401606 /* b2Settings.cpp */,
				65152304A9CF8B97B21699DC /* b2Settings.h */,
				BB3DE627A01F7CFB7BE7283B /* b2StackAllocator.cpp */,
				EC634E94844282D5EC2B9094 /* b2StackAllocator.h */,
				97334B1F95FE8F3BC50A0A09 /* b2Timer.cpp */,
				5C06CEF1ECCEBB0BE1D23871 /* b2Timer.h */,
			);
			name = Common;
			sourceTree = "<group>";
		};
		6948EE371B920CB800B5AC1A /* local_addons */ = {
			isa = PBXGroup;
			children = (
			);
			name = local_addons;
			sourceTree = "<group>";
		};
		7D0EF443D2C65B2E3070ECED /* Contacts */ = {
			isa = PBXGroup;
			children = (
				36C63350585D2BC415854AE5 /* b2ChainAndCircleContact.cpp */,
				198F0A43B24A68F7271D3405 /* b2ChainAndCircleContact.h */,
				E66DFED0DF81E504986C9E3A /* b2ChainAndPolygonContact.cpp */,
				D4DF52EAFF02C5CF464DBF47 /* b2ChainAndPolygonContact.h */,
				EF115477B894FD50ACA788D3 /* b2CircleContact.cpp */,
				0DDDD19C6A604140A0015D92 /* b2CircleContact.h */,
				050011092A1AE06E6B318C78 /* b2Contact.cpp */,
				11399790963D3F72DBF25992 /* b2Contact.h */,
				70E831C9D8723167D8E4FEF0 /* b2ContactSolver.cpp */,
				7CB6B50B3343DA0D5EA83183 /* b2ContactSolver.h */,
				8867F8992F8136ED32278321 /* b2EdgeAndCircleContact.cpp */,
				F5014E29AACE8CE490C9EB91 /* b2EdgeAndCircleContact.h */,
				6720FEACA4B5CC8AF544A231 /* b2EdgeAndPolygonContact.cpp */,
				401A8496F9C7C7DABD613F1C /* b2EdgeAndPolygonContact.h */,
				B8FB2D456875B2C1A5430F53 /* b2PolygonAndCircleContact.cpp */,
				48A50D283079AB155321C199 /* b2PolygonAndCircleContact.h */,
				72A3F867A091365F9ABBD965 /* b2PolygonContact.cpp */,
				803A1BF918AFAA023AFDA8BD /* b2PolygonContact.h */,
			);
			name = Contacts;
			sourceTree = "<group>";
		};
		BB4B014C10F69532006C3DED /* addons */ = {
			isa = PBXGroup;
			children = (
				0E8FC2D53A0578CA3B4417EE /* ofxBox2d-master */,
			);
			name = addons;
			sourceTree = "<group>";
		};
		CCFFE735688832C2BE8A5CA6 /* libs */ = {
			isa = PBXGroup;
			children = (
				3F3A517FA45E5F072F8A8C5E /* Box2D */,
				E43FEFABEA50D4008BF74D1E /* triangle */,
			);
			name = libs;
			sourceTree = "<group>";
		};
		D4063DF5D33BAEDEAE92A45D /* Rope */ = {
			isa = PBXGroup;
			children = (
				1F3D92F2A80343EA0B0D9815 /* b2Rope.cpp */,
				0167A6E310B28AF277BAB55A /* b2Rope.h */,
			);
			name = Rope;
			sourceTree = "<group>";
		};
		E4328144138ABC890047C5CB /* Products */ = {
			isa = PBXGroup;
			children = (
				E4328148138ABC890047C5CB /* openFrameworksDebug.a */,
			);
			name = Products;
			sourceTree = "<group>";
		};
		E43FEFABEA50D4008BF74D1E /* triangle */ = {
			isa = PBXGroup;
			children = (
				DC8729C7769983C80B0618A8 /* assert.hpp */,
				4D705B24B11E48B0E7A12B56 /* del_impl.cpp */,
				2827AE1F7C438BDFCF1D1E85 /* del_interface.hpp */,
				2D9C5E933124EF15B8FFD9BF /* dpoint.hpp */,
				505A0A5818CB769B56AE2FEA /* triangle.h */,
				DAF214956394307F03F996BD /* triangle_impl.hpp */,
			);
			name = triangle;
			sourceTree = "<group>";
		};
		E4B69B4A0A3A1720003C02F2 = {
			isa = PBXGroup;
			children = (
				E4B6FCAD0C3E899E008CF71C /* openFrameworks-Info.plist */,
				E4EB6923138AFD0F00A09F29 /* Project.xcconfig */,
				E4B69E1C0A3A1BDC003C02F2 /* src */,
				E4EEC9E9138DF44700A80321 /* openFrameworks */,
				BB4B014C10F69532006C3DED /* addons */,
				6948EE371B920CB800B5AC1A /* local_addons */,
				E4B69B5B0A3A1756003C02F2 /* Midterm_BehaviorDebug.app */,
			);
			sourceTree = "<group>";
		};
		E4B69E1C0A3A1BDC003C02F2 /* src */ = {
			isa = PBXGroup;
			children = (
				E4B69E1D0A3A1BDC003C02F2 /* main.cpp */,
				22C8E01A6F8898F2E424D7A9 /* boids.cpp */,
				F8994B9B894A5A7BDEE80AA6 /* boids.h */,
				00A1BFCBB38848AD0E0C8539 /* testApp.cpp */,
				2D129AB0F7D46B8DFCEADEDB /* testApp.h */,
			);
			path = src;
			sourceTree = SOURCE_ROOT;
		};
		E4EEC9E9138DF44700A80321 /* openFrameworks */ = {
			isa = PBXGroup;
			children = (
				E4EB691F138AFCF100A09F29 /* CoreOF.xcconfig */,
				E4328143138ABC890047C5CB /* openFrameworksLib.xcodeproj */,
			);
			name = openFrameworks;
			sourceTree = "<group>";
		};
		F82A407786E323841E84F635 /* src */ = {
			isa = PBXGroup;
			children = (
				27BD8838CF0BAB59C9EF249B /* ofxBox2d.cpp */,
				383ED023687E8ADDC6366580 /* ofxBox2d.h */,
				7C9FF43F96E2A5F9F0EC001B /* ofxBox2dBaseShape.cpp */,
				10142D780F1020B7B4AF1259 /* ofxBox2dBaseShape.h */,
				DE8647F89FDC5C34C9285793 /* ofxBox2dCircle.cpp */,
				E3220F23908A1775B6001453 /* ofxBox2dCircle.h */,
				F754F544FFAAA55F95AD87FB /* ofxBox2dContactListener.h */,
				01B7B02BCCBDC24D44CA0232 /* ofxBox2dConvexPoly.cpp */,
				27DFD9BDF1D269D9DAECE9C5 /* ofxBox2dConvexPoly.h */,
				FEC839EC552B5AD032E6DAC2 /* ofxBox2dEdge.cpp */,
				064EFEAC90395FFD38AD6EDB /* ofxBox2dEdge.h */,
				A0F9F6D6D072DA709C6F292D /* ofxBox2dJoint.cpp */,
				F73889F209C3E7B33E72E3AD /* ofxBox2dJoint.h */,
				D13C9D44D4AC75525C882441 /* ofxBox2dPolygon.cpp */,
				8B087E3B5E0DD21FD83838F9 /* ofxBox2dPolygon.h */,
				7931B6D3DE79C339AFCC3C9B /* ofxBox2dPolygonUtils.h */,
				FF94F643AD36A672E724F388 /* ofxBox2dRect.cpp */,
				EDDBB63642478745CE7870A7 /* ofxBox2dRect.h */,
				B342EE96075FD198DD198EFA /* ofxBox2dRender.h */,
				AAAB338008116B335A4D1965 /* ofxBox2dUtils.h */,
			);
			name = src;
			sourceTree = "<group>";
		};
/* End PBXGroup section */

/* Begin PBXNativeTarget section */
		E4B69B5A0A3A1756003C02F2 /* Midterm_Behavior */ = {
			isa = PBXNativeTarget;
			buildConfigurationList = E4B69B5F0A3A1757003C02F2 /* Build configuration list for PBXNativeTarget "Midterm_Behavior" */;
			buildPhases = (
				E4B69B580A3A1756003C02F2 /* Sources */,
				E4B69B590A3A1756003C02F2 /* Frameworks */,
				E4B6FFFD0C3F9AB9008CF71C /* ShellScript */,
				E4C2427710CC5ABF004149E2 /* CopyFiles */,
			);
			buildRules = (
			);
			dependencies = (
				E4EEB9AC138B136A00A80321 /* PBXTargetDependency */,
			);
			name = Midterm_Behavior;
			productName = myOFApp;
			productReference = E4B69B5B0A3A1756003C02F2 /* Midterm_BehaviorDebug.app */;
			productType = "com.apple.product-type.application";
		};
/* End PBXNativeTarget section */

/* Begin PBXProject section */
		E4B69B4C0A3A1720003C02F2 /* Project object */ = {
			isa = PBXProject;
			attributes = {
				LastUpgradeCheck = 0600;
			};
			buildConfigurationList = E4B69B4D0A3A1720003C02F2 /* Build configuration list for PBXProject "Midterm_Behavior" */;
			compatibilityVersion = "Xcode 3.2";
			developmentRegion = English;
			hasScannedForEncodings = 0;
			knownRegions = (
				English,
				Japanese,
				French,
				German,
			);
			mainGroup = E4B69B4A0A3A1720003C02F2;
			productRefGroup = E4B69B4A0A3A1720003C02F2;
			projectDirPath = "";
			projectReferences = (
				{
					ProductGroup = E4328144138ABC890047C5CB /* Products */;
					ProjectRef = E4328143138ABC890047C5CB /* openFrameworksLib.xcodeproj */;
				},
			);
			projectRoot = "";
			targets = (
				E4B69B5A0A3A1756003C02F2 /* Midterm_Behavior */,
			);
		};
/* End PBXProject section */

/* Begin PBXReferenceProxy section */
		E4328148138ABC890047C5CB /* openFrameworksDebug.a */ = {
			isa = PBXReferenceProxy;
			fileType = archive.ar;
			path = openFrameworksDebug.a;
			remoteRef = E4328147138ABC890047C5CB /* PBXContainerItemProxy */;
			sourceTree = BUILT_PRODUCTS_DIR;
		};
/* End PBXReferenceProxy section */

/* Begin PBXShellScriptBuildPhase section */
		E4B6FFFD0C3F9AB9008CF71C /* ShellScript */ = {
			isa = PBXShellScriptBuildPhase;
			buildActionMask = 2147483647;
			files = (
			);
			inputPaths = (
			);
			outputPaths = (
			);
			runOnlyForDeploymentPostprocessing = 0;
			shellPath = /bin/sh;
			shellScript = "mkdir -p \"$TARGET_BUILD_DIR/$PRODUCT_NAME.app/Contents/Resources/\"\n# Copy default icon file into App/Resources\nrsync -aved \"$ICON_FILE\" \"$TARGET_BUILD_DIR/$PRODUCT_NAME.app/Contents/Resources/\"\n# Copy libfmod and change install directory for fmod to run\nrsync -aved ../../../libs/fmodex/lib/osx/libfmodex.dylib \"$TARGET_BUILD_DIR/$PRODUCT_NAME.app/Contents/Frameworks/\";\ninstall_name_tool -change @executable_path/libfmodex.dylib @executable_path/../Frameworks/libfmodex.dylib \"$TARGET_BUILD_DIR/$PRODUCT_NAME.app/Contents/MacOS/$PRODUCT_NAME\";\n# Copy GLUT framework (must remove for AppStore submissions)\nrsync -aved ../../../libs/glut/lib/osx/GLUT.framework \"$TARGET_BUILD_DIR/$PRODUCT_NAME.app/Contents/Frameworks/\"\n";
		};
/* End PBXShellScriptBuildPhase section */

/* Begin PBXSourcesBuildPhase section */
		E4B69B580A3A1756003C02F2 /* Sources */ = {
			isa = PBXSourcesBuildPhase;
			buildActionMask = 2147483647;
			files = (
				E4B69E200A3A1BDC003C02F2 /* main.cpp in Sources */,
				F454A793CF69ED2B684626DA /* boids.cpp in Sources */,
				29D734F0DDECC8C5978185D7 /* testApp.cpp in Sources */,
				44BC6BF7E1C72B1EB3C8526F /* ofxBox2d.cpp in Sources */,
				811D7BD88DC459B5CBCA8AF4 /* ofxBox2dBaseShape.cpp in Sources */,
				2C7BD57DB2A4A452F00C47F7 /* ofxBox2dCircle.cpp in Sources */,
				2BA9F5C53937708095772BFE /* ofxBox2dConvexPoly.cpp in Sources */,
				7CE5380CB5873AEFCB80B162 /* ofxBox2dEdge.cpp in Sources */,
				BF590958D7885CAC74D9CDE7 /* ofxBox2dJoint.cpp in Sources */,
				968502953D98CA3D50A219C4 /* ofxBox2dPolygon.cpp in Sources */,
				49587479517F6955631E72B2 /* ofxBox2dRect.cpp in Sources */,
				34CA69423FC74098C1CE3449 /* b2BroadPhase.cpp in Sources */,
				A56F0716781A9292023BD096 /* b2CollideCircle.cpp in Sources */,
				90296DDFFFCC2ADD6C0E5EBB /* b2CollideEdge.cpp in Sources */,
				6273961DFB57BE9D7BE0A41A /* b2CollidePolygon.cpp in Sources */,
				A7D257EA4BEB3AE8D2A59DBD /* b2Collision.cpp in Sources */,
				939BD50C6AABA2EC2561CB00 /* b2Distance.cpp in Sources */,
				65CF130F069FA7BABCFBD7C5 /* b2DynamicTree.cpp in Sources */,
				2A168BADC5C151A52DF8395A /* b2TimeOfImpact.cpp in Sources */,
				ACBB7FF076B81E7AAFBA3A73 /* b2ChainShape.cpp in Sources */,
				525877C2F1A68893CBB2B1F5 /* b2CircleShape.cpp in Sources */,
				4909229DEEDB3FD96E98C82E /* b2EdgeShape.cpp in Sources */,
				C4C0BFC11B896A5FC5281177 /* b2PolygonShape.cpp in Sources */,
				D92D3EB6F41A1D7FB2721088 /* b2BlockAllocator.cpp in Sources */,
				AF00809D4DE1932D370534D7 /* b2Draw.cpp in Sources */,
				40765B8EE5BAC46AC6AFC3FD /* b2Math.cpp in Sources */,
				6377EDC017E85C35C32B6E4C /* b2Settings.cpp in Sources */,
				A03EABB979D88FD9C6B00A44 /* b2StackAllocator.cpp in Sources */,
				237F3072DC1F7394E6403598 /* b2Timer.cpp in Sources */,
				9546E9884847727862EA2E78 /* b2Body.cpp in Sources */,
				40B7A01A215EF946D37BCBFE /* b2ContactManager.cpp in Sources */,
				4FB36C7B7E629713A6E5F5F5 /* b2Fixture.cpp in Sources */,
				4D035B8CD16200CAFAA4C3A9 /* b2Island.cpp in Sources */,
				A77A254A1A2913D7D99D5863 /* b2World.cpp in Sources */,
				96F2E28DE1C5944A60C14428 /* b2WorldCallbacks.cpp in Sources */,
				EE38C06E5439CEF058730E47 /* b2ChainAndCircleContact.cpp in Sources */,
				6FD4048FCDE4ECAF1A86A758 /* b2ChainAndPolygonContact.cpp in Sources */,
				9A77C05BA9533F3E697F8221 /* b2CircleContact.cpp in Sources */,
				4FC5115639CA6093EF8085A9 /* b2Contact.cpp in Sources */,
				3E8E7A6C97F792820B51EB91 /* b2ContactSolver.cpp in Sources */,
				29B4B62416AF620B166A9050 /* b2EdgeAndCircleContact.cpp in Sources */,
				CBF10EA93B82CEFD5A6297AC /* b2EdgeAndPolygonContact.cpp in Sources */,
				FFBBC40217EC3F9860E906E0 /* b2PolygonAndCircleContact.cpp in Sources */,
				FB3221E62B3BAFA63E4599E2 /* b2PolygonContact.cpp in Sources */,
				6DB2A9D60B5192D1491CB412 /* b2DistanceJoint.cpp in Sources */,
				12B756FBDFCABAFAB83D9D84 /* b2FrictionJoint.cpp in Sources */,
				71E4853248E4E40BF8951A59 /* b2GearJoint.cpp in Sources */,
				A576D7531D1EEB1C11CC46D1 /* b2Joint.cpp in Sources */,
				7DC228953AE8F300B34A5B4E /* b2MotorJoint.cpp in Sources */,
				F07D5E231A15767E7CB1DE4E /* b2MouseJoint.cpp in Sources */,
				27F79C39B327F4012B6EF8BF /* b2PrismaticJoint.cpp in Sources */,
				4A896698A050377A8E95820A /* b2PulleyJoint.cpp in Sources */,
				3815DAAA5AA3A979DB1BF79E /* b2RevoluteJoint.cpp in Sources */,
				DC20637D6F8E5417AAE46E21 /* b2RopeJoint.cpp in Sources */,
				9955B51F2196D6D06E5587E1 /* b2WeldJoint.cpp in Sources */,
				3C9E6A1224B574A21DEA251D /* b2WheelJoint.cpp in Sources */,
				EF1FE5AC03C33D796473F874 /* b2Rope.cpp in Sources */,
				CC374107E0BF6DD15B18337A /* del_impl.cpp in Sources */,
			);
			runOnlyForDeploymentPostprocessing = 0;
		};
/* End PBXSourcesBuildPhase section */

/* Begin PBXTargetDependency section */
		E4EEB9AC138B136A00A80321 /* PBXTargetDependency */ = {
			isa = PBXTargetDependency;
			name = openFrameworks;
			targetProxy = E4EEB9AB138B136A00A80321 /* PBXContainerItemProxy */;
		};
/* End PBXTargetDependency section */

/* Begin XCBuildConfiguration section */
		E4B69B4E0A3A1720003C02F2 /* Debug */ = {
			isa = XCBuildConfiguration;
			baseConfigurationReference = E4EB6923138AFD0F00A09F29 /* Project.xcconfig */;
			buildSettings = {
				CONFIGURATION_BUILD_DIR = "$(SRCROOT)/bin/";
				COPY_PHASE_STRIP = NO;
				DEAD_CODE_STRIPPING = YES;
				GCC_AUTO_VECTORIZATION = YES;
				GCC_ENABLE_SSE3_EXTENSIONS = YES;
				GCC_ENABLE_SUPPLEMENTAL_SSE3_INSTRUCTIONS = YES;
				GCC_INLINES_ARE_PRIVATE_EXTERN = NO;
				GCC_OPTIMIZATION_LEVEL = 0;
				GCC_SYMBOLS_PRIVATE_EXTERN = NO;
				GCC_WARN_ABOUT_DEPRECATED_FUNCTIONS = YES;
				GCC_WARN_ABOUT_INVALID_OFFSETOF_MACRO = NO;
				GCC_WARN_ALLOW_INCOMPLETE_PROTOCOL = NO;
				GCC_WARN_UNINITIALIZED_AUTOS = NO;
				GCC_WARN_UNUSED_VALUE = NO;
				GCC_WARN_UNUSED_VARIABLE = NO;
				HEADER_SEARCH_PATHS = (
					"$(OF_CORE_HEADERS)",
					src,
					"../../../addons/ofxBox2d-master/libs",
					"../../../addons/ofxBox2d-master/libs/Box2D",
					"../../../addons/ofxBox2d-master/libs/Box2D/Collision",
					"../../../addons/ofxBox2d-master/libs/Box2D/Collision/Shapes",
					"../../../addons/ofxBox2d-master/libs/Box2D/Common",
					"../../../addons/ofxBox2d-master/libs/Box2D/Dynamics",
					"../../../addons/ofxBox2d-master/libs/Box2D/Dynamics/Contacts",
					"../../../addons/ofxBox2d-master/libs/Box2D/Dynamics/Joints",
					"../../../addons/ofxBox2d-master/libs/Box2D/Rope",
					"../../../addons/ofxBox2d-master/libs/triangle",
					"../../../addons/ofxBox2d-master/src",
				);
				MACOSX_DEPLOYMENT_TARGET = 10.8;
				ONLY_ACTIVE_ARCH = YES;
				OTHER_CPLUSPLUSFLAGS = (
					"-D__MACOSX_CORE__",
					"-mtune=native",
				);
				SDKROOT = macosx;
			};
			name = Debug;
		};
		E4B69B4F0A3A1720003C02F2 /* Release */ = {
			isa = XCBuildConfiguration;
			baseConfigurationReference = E4EB6923138AFD0F00A09F29 /* Project.xcconfig */;
			buildSettings = {
				CONFIGURATION_BUILD_DIR = "$(SRCROOT)/bin/";
				COPY_PHASE_STRIP = YES;
				DEAD_CODE_STRIPPING = YES;
				GCC_AUTO_VECTORIZATION = YES;
				GCC_ENABLE_SSE3_EXTENSIONS = YES;
				GCC_ENABLE_SUPPLEMENTAL_SSE3_INSTRUCTIONS = YES;
				GCC_INLINES_ARE_PRIVATE_EXTERN = NO;
				GCC_OPTIMIZATION_LEVEL = 3;
				GCC_SYMBOLS_PRIVATE_EXTERN = NO;
				GCC_UNROLL_LOOPS = YES;
				GCC_WARN_ABOUT_DEPRECATED_FUNCTIONS = YES;
				GCC_WARN_ABOUT_INVALID_OFFSETOF_MACRO = NO;
				GCC_WARN_ALLOW_INCOMPLETE_PROTOCOL = NO;
				GCC_WARN_UNINITIALIZED_AUTOS = NO;
				GCC_WARN_UNUSED_VALUE = NO;
				GCC_WARN_UNUSED_VARIABLE = NO;
				HEADER_SEARCH_PATHS = (
					"$(OF_CORE_HEADERS)",
					src,
					"../../../addons/ofxBox2d-master/libs",
					"../../../addons/ofxBox2d-master/libs/Box2D",
					"../../../addons/ofxBox2d-master/libs/Box2D/Collision",
					"../../../addons/ofxBox2d-master/libs/Box2D/Collision/Shapes",
					"../../../addons/ofxBox2d-master/libs/Box2D/Common",
					"../../../addons/ofxBox2d-master/libs/Box2D/Dynamics",
					"../../../addons/ofxBox2d-master/libs/Box2D/Dynamics/Contacts",
					"../../../addons/ofxBox2d-master/libs/Box2D/Dynamics/Joints",
					"../../../addons/ofxBox2d-master/libs/Box2D/Rope",
					"../../../addons/ofxBox2d-master/libs/triangle",
					"../../../addons/ofxBox2d-master/src",
				);
				MACOSX_DEPLOYMENT_TARGET = 10.8;
				OTHER_CPLUSPLUSFLAGS = (
					"-D__MACOSX_CORE__",
					"-mtune=native",
				);
				SDKROOT = macosx;
			};
			name = Release;
		};
		E4B69B600A3A1757003C02F2 /* Debug */ = {
			isa = XCBuildConfiguration;
			baseConfigurationReference = E4EB6923138AFD0F00A09F29 /* Project.xcconfig */;
			buildSettings = {
				COMBINE_HIDPI_IMAGES = YES;
				COPY_PHASE_STRIP = NO;
				FRAMEWORK_SEARCH_PATHS = (
					"$(inherited)",
					"$(FRAMEWORK_SEARCH_PATHS_QUOTED_FOR_TARGET_1)",
				);
				FRAMEWORK_SEARCH_PATHS_QUOTED_FOR_TARGET_1 = "\"$(SRCROOT)/../../../libs/glut/lib/osx\"";
				GCC_DYNAMIC_NO_PIC = NO;
				GCC_GENERATE_DEBUGGING_SYMBOLS = YES;
				GCC_MODEL_TUNING = NONE;
				HEADER_SEARCH_PATHS = (
					"$(OF_CORE_HEADERS)",
					src,
					"../../../addons/ofxBox2d-master/libs",
					"../../../addons/ofxBox2d-master/libs/Box2D",
					"../../../addons/ofxBox2d-master/libs/Box2D/Collision",
					"../../../addons/ofxBox2d-master/libs/Box2D/Collision/Shapes",
					"../../../addons/ofxBox2d-master/libs/Box2D/Common",
					"../../../addons/ofxBox2d-master/libs/Box2D/Dynamics",
					"../../../addons/ofxBox2d-master/libs/Box2D/Dynamics/Contacts",
					"../../../addons/ofxBox2d-master/libs/Box2D/Dynamics/Joints",
					"../../../addons/ofxBox2d-master/libs/Box2D/Rope",
					"../../../addons/ofxBox2d-master/libs/triangle",
					"../../../addons/ofxBox2d-master/src",
				);
				ICON = "$(ICON_NAME_DEBUG)";
				ICON_FILE = "$(ICON_FILE_PATH)$(ICON)";
				INFOPLIST_FILE = "openFrameworks-Info.plist";
				INSTALL_PATH = /Applications;
				LIBRARY_SEARCH_PATHS = "$(inherited)";
				PRODUCT_NAME = "$(TARGET_NAME)Debug";
				WRAPPER_EXTENSION = app;
			};
			name = Debug;
		};
		E4B69B610A3A1757003C02F2 /* Release */ = {
			isa = XCBuildConfiguration;
			baseConfigurationReference = E4EB6923138AFD0F00A09F29 /* Project.xcconfig */;
			buildSettings = {
				COMBINE_HIDPI_IMAGES = YES;
				COPY_PHASE_STRIP = YES;
				FRAMEWORK_SEARCH_PATHS = (
					"$(inherited)",
					"$(FRAMEWORK_SEARCH_PATHS_QUOTED_FOR_TARGET_1)",
				);
				FRAMEWORK_SEARCH_PATHS_QUOTED_FOR_TARGET_1 = "\"$(SRCROOT)/../../../libs/glut/lib/osx\"";
				GCC_GENERATE_DEBUGGING_SYMBOLS = YES;
				GCC_MODEL_TUNING = NONE;
				HEADER_SEARCH_PATHS = (
					"$(OF_CORE_HEADERS)",
					src,
					"../../../addons/ofxBox2d-master/libs",
					"../../../addons/ofxBox2d-master/libs/Box2D",
					"../../../addons/ofxBox2d-master/libs/Box2D/Collision",
					"../../../addons/ofxBox2d-master/libs/Box2D/Collision/Shapes",
					"../../../addons/ofxBox2d-master/libs/Box2D/Common",
					"../../../addons/ofxBox2d-master/libs/Box2D/Dynamics",
					"../../../addons/ofxBox2d-master/libs/Box2D/Dynamics/Contacts",
					"../../../addons/ofxBox2d-master/libs/Box2D/Dynamics/Joints",
					"../../../addons/ofxBox2d-master/libs/Box2D/Rope",
					"../../../addons/ofxBox2d-master/libs/triangle",
					"../../../addons/ofxBox2d-master/src",
				);
				ICON = "$(ICON_NAME_RELEASE)";
				ICON_FILE = "$(ICON_FILE_PATH)$(ICON)";
				INFOPLIST_FILE = "openFrameworks-Info.plist";
				INSTALL_PATH = /Applications;
				LIBRARY_SEARCH_PATHS = "$(inherited)";
				PRODUCT_NAME = "$(TARGET_NAME)";
				WRAPPER_EXTENSION = app;
				baseConfigurationReference = E4EB6923138AFD0F00A09F29;
			};
			name = Release;
		};
/* End XCBuildConfiguration section */

/* Begin XCConfigurationList section */
		E4B69B4D0A3A1720003C02F2 /* Build configuration list for PBXProject "Midterm_Behavior" */ = {
			isa = XCConfigurationList;
			buildConfigurations = (
				E4B69B4E0A3A1720003C02F2 /* Debug */,
				E4B69B4F0A3A1720003C02F2 /* Release */,
			);
			defaultConfigurationIsVisible = 0;
			defaultConfigurationName = Release;
		};
		E4B69B5F0A3A1757003C02F2 /* Build configuration list for PBXNativeTarget "Midterm_Behavior" */ = {
			isa = XCConfigurationList;
			buildConfigurations = (
				E4B69B600A3A1757003C02F2 /* Debug */,
				E4B69B610A3A1757003C02F2 /* Release */,
			);
			defaultConfigurationIsVisible = 0;
			defaultConfigurationName = Release;
		};
/* End XCConfigurationList section */
	};
	rootObject = E4B69B4C0A3A1720003C02F2 /* Project object */;
}
